PODS:
  - Capacitor (8.4.0):
    - CapacitorCordova
  - CapacitorCordova (8.4.0)
  - CapacitorKeyboard (8.0.3):
    - Capacitor
  - CapacitorStatusBar (8.0.2):
    - Capacitor

DEPENDENCIES:
  - "Capacitor (from `../../node_modules/@capacitor/ios`)"
  - "CapacitorCordova (from `../../node_modules/@capacitor/ios`)"
  - "CapacitorKeyboard (from `../../node_modules/@capacitor/keyboard`)"
  - "CapacitorStatusBar (from `../../node_modules/@capacitor/status-bar`)"

EXTERNAL SOURCES:
  Capacitor:
    :path: "../../node_modules/@capacitor/ios"
  CapacitorCordova:
    :path: "../../node_modules/@capacitor/ios"
  CapacitorKeyboard:
    :path: "../../node_modules/@capacitor/keyboard"
  CapacitorStatusBar:
    :path: "../../node_modules/@capacitor/status-bar"

SPEC CHECKSUMS:
  Capacitor: 75bd117ba037a51bb0f19ded32c67f4b3bc16600
  CapacitorCordova: 71d81f350e6c30bf2a846593b5c480fbd68e9bac
  CapacitorKeyboard: 31c8285d92c9d1410071d52449f16d2c6673b6f4
  CapacitorStatusBar: 01d5763b4ed720de5ce2edbc938de6a98f4c8f32

PODFILE CHECKSUM: e3c29a68fa2f081df85f41fc2383778a4d9dd323

COCOAPODS: 1.16.2
